// !$*UTF8*$!
{
	archiveVersion = 1;
	classes = {
	};
	objectVersion = 46;
	objects = {

/* Begin PBXBuildFile section */
		B7CB1E4E1C1564CF00069ABD /* main.m in Sources */ = {isa = PBXBuildFile; fileRef = B7CB1E4D1C1564CF00069ABD /* main.m */; };
		B7CB1E511C1564CF00069ABD /* AppDelegate.m in Sources */ = {isa = PBXBuildFile; fileRef = B7CB1E501C1564CF00069ABD /* AppDelegate.m */; };
		B7CB1E541C1564CF00069ABD /* ViewController.m in Sources */ = {isa = PBXBuildFile; fileRef = B7CB1E531C1564CF00069ABD /* ViewController.m */; };
		B7CB1E571C1564CF00069ABD /* Main.storyboard in Resources */ = {isa = PBXBuildFile; fileRef = B7CB1E551C1564CF00069ABD /* Main.storyboard */; };
		B7CB1E591C1564CF00069ABD /* Assets.xcassets in Resources */ = {isa = PBXBuildFile; fileRef = B7CB1E581C1564CF00069ABD /* Assets.xcassets */; };
		B7CB1E5C1C1564CF00069ABD /* LaunchScreen.storyboard in Resources */ = {isa = PBXBuildFile; fileRef = B7CB1E5A1C1564CF00069ABD /* LaunchScreen.storyboard */; };
		B7CB1E6F1C15669E00069ABD /* actionsheet_bg@2x.png in Resources */ = {isa = PBXBuildFile; fileRef = B7CB1E6B1C15669E00069ABD /* actionsheet_bg@2x.png */; };
		B7CB1E701C15669E00069ABD /* actionsheet_button@2x.png in Resources */ = {isa = PBXBuildFile; fileRef = B7CB1E6C1C15669E00069ABD /* actionsheet_button@2x.png */; };
		B7CB1E711C15669E00069ABD /* CustomActionSheet.m in Sources */ = {isa = PBXBuildFile; fileRef = B7CB1E6E1C15669E00069ABD /* CustomActionSheet.m */; };
		B7CB1E741C156BBC00069ABD /* CustomActionSheetButton.m in Sources */ = {isa = PBXBuildFile; fileRef = B7CB1E731C156BBC00069ABD /* CustomActionSheetButton.m */; };
		B7CB1E761C156BD100069ABD /* CustomActionSheetButton.xib in Resources */ = {isa = PBXBuildFile; fileRef = B7CB1E751C156BD100069ABD /* CustomActionSheetButton.xib */; };
/* End PBXBuildFile section */

/* Begin PBXFileReference section */
		B7CB1E491C1564CF00069ABD /* CustomActionSheet.app */ = {isa = PBXFileReference; explicitFileType = wrapper.application; includeInIndex = 0; path = CustomActionSheet.app; sourceTree = BUILT_PRODUCTS_DIR; };
		B7CB1E4D1C1564CF00069ABD /* main.m */ = {isa = PBXFileReference; lastKnownFileType = sourcecode.c.objc; path = main.m; sourceTree = "<group>"; };
		B7CB1E4F1C1564CF00069ABD /* AppDelegate.h */ = {isa = PBXFileReference; lastKnownFileType = sourcecode.c.h; path = AppDelegate.h; sourceTree = "<group>"; };
		B7CB1E501C1564CF00069ABD /* AppDelegate.m */ = {isa = PBXFileReference; lastKnownFileType = sourcecode.c.objc; path = AppDelegate.m; sourceTree = "<group>"; };
		B7CB1E521C1564CF00069ABD /* ViewController.h */ = {isa = PBXFileReference; lastKnownFileType = sourcecode.c.h; path = ViewController.h; sourceTree = "<group>"; };
		B7CB1E531C1564CF00069ABD /* ViewController.m */ = {isa = PBXFileReference; lastKnownFileType = sourcecode.c.objc; path = ViewController.m; sourceTree = "<group>"; };
		B7CB1E561C1564CF00069ABD /* Base */ = {isa = PBXFileReference; lastKnownFileType = file.storyboard; name = Base; path = Base.lproj/Main.storyboard; sourceTree = "<group>"; };
		B7CB1E581C1564CF00069ABD /* Assets.xcassets */ = {isa = PBXFileReference; lastKnownFileType = folder.assetcatalog; path = Assets.xcassets; sourceTree = "<group>"; };
		B7CB1E5B1C1564CF00069ABD /* Base */ = {isa = PBXFileReference; lastKnownFileType = file.storyboard; name = Base; path = Base.lproj/LaunchScreen.storyboard; sourceTree = "<group>"; };
		B7CB1E5D1C1564CF00069ABD /* Info.plist */ = {isa = PBXFileReference; lastKnownFileType = text.plist.xml; path = Info.plist; sourceTree = "<group>"; };
		B7CB1E6B1C15669E00069ABD /* actionsheet_bg@2x.png */ = {isa = PBXFileReference; lastKnownFileType = image.png; path = "actionsheet_bg@2x.png"; sourceTree = "<group>"; };
		B7CB1E6C1C15669E00069ABD /* actionsheet_button@2x.png */ = {isa = PBXFileReference; lastKnownFileType = image.png; path = "actionsheet_button@2x.png"; sourceTree = "<group>"; };
		B7CB1E6D1C15669E00069ABD /* CustomActionSheet.h */ = {isa = PBXFileReference; fileEncoding = 4; lastKnownFileType = sourcecode.c.h; path = CustomActionSheet.h; sourceTree = "<group>"; };
		B7CB1E6E1C15669E00069ABD /* CustomActionSheet.m */ = {isa = PBXFileReference; fileEncoding = 4; lastKnownFileType = sourcecode.c.objc; path = CustomActionSheet.m; sourceTree = "<group>"; };
		B7CB1E721C156BBC00069ABD /* CustomActionSheetButton.h */ = {isa = PBXFileReference; fileEncoding = 4; lastKnownFileType = sourcecode.c.h; path = CustomActionSheetButton.h; sourceTree = "<group>"; };
		B7CB1E731C156BBC00069ABD /* CustomActionSheetButton.m */ = {isa = PBXFileReference; fileEncoding = 4; lastKnownFileType = sourcecode.c.objc; path = CustomActionSheetButton.m; sourceTree = "<group>"; };
		B7CB1E751C156BD100069ABD /* CustomActionSheetButton.xib */ = {isa = PBXFileReference; fileEncoding = 4; lastKnownFileType = file.xib; path = CustomActionSheetButton.xib; sourceTree = "<group>"; };
/* End PBXFileReference section */

/* Begin PBXFrameworksBuildPhase section */
		B7CB1E461C1564CF00069ABD /* Frameworks */ = {
			isa = PBXFrameworksBuildPhase;
			buildActionMask = 2147483647;
			files = (
			);
			runOnlyForDeploymentPostprocessing = 0;
		};
/* End PBXFrameworksBuildPhase section */

/* Begin PBXGroup section */
		B7CB1E401C1564CF00069ABD = {
			isa = PBXGroup;
			children = (
				B7CB1E4B1C1564CF00069ABD /* CustomActionSheet */,
				B7CB1E4A1C1564CF00069ABD /* Products */,
			);
			sourceTree = "<group>";
		};
		B7CB1E4A1C1564CF00069ABD /* Products */ = {
			isa = PBXGroup;
			children = (
				B7CB1E491C1564CF00069ABD /* CustomActionSheet.app */,
			);
			name = Products;
			sourceTree = "<group>";
		};
		B7CB1E4B1C1564CF00069ABD /* CustomActionSheet */ = {
			isa = PBXGroup;
			children = (
				B7CB1E631C15660500069ABD /* CustomActionSheet */,
				B7CB1E4F1C1564CF00069ABD /* AppDelegate.h */,
				B7CB1E501C1564CF00069ABD /* AppDelegate.m */,
				B7CB1E521C1564CF00069ABD /* ViewController.h */,
				B7CB1E531C1564CF00069ABD /* ViewController.m */,
				B7CB1E551C1564CF00069ABD /* Main.storyboard */,
				B7CB1E581C1564CF00069ABD /* Assets.xcassets */,
				B7CB1E5A1C1564CF00069ABD /* LaunchScreen.storyboard */,
				B7CB1E5D1C1564CF00069ABD /* Info.plist */,
				B7CB1E4C1C1564CF00069ABD /* Supporting Files */,
			);
			path = CustomActionSheet;
			sourceTree = "<group>";
		};
		B7CB1E4C1C1564CF00069ABD /* Supporting Files */ = {
			isa = PBXGroup;
			children = (
				B7CB1E4D1C1564CF00069ABD /* main.m */,
			);
			name = "Supporting Files";
			sourceTree = "<group>";
		};
		B7CB1E631C15660500069ABD /* CustomActionSheet */ = {
			isa = PBXGroup;
			children = (
				B7CB1E6B1C15669E00069ABD /* actionsheet_bg@2x.png */,
				B7CB1E6C1C15669E00069ABD /* actionsheet_button@2x.png */,
				B7CB1E6D1C15669E00069ABD /* CustomActionSheet.h */,
				B7CB1E6E1C15669E00069ABD /* CustomActionSheet.m */,
				B7CB1E721C156BBC00069ABD /* CustomActionSheetButton.h */,
				B7CB1E731C156BBC00069ABD /* CustomActionSheetButton.m */,
				B7CB1E751C156BD100069ABD /* CustomActionSheetButton.xib */,
			);
			path = CustomActionSheet;
			sourceTree = "<group>";
		};
/* End PBXGroup section */

/* Begin PBXNativeTarget section */
		B7CB1E481C1564CF00069ABD /* CustomActionSheet */ = {
			isa = PBXNativeTarget;
			buildConfigurationList = B7CB1E601C1564CF00069ABD /* Build configuration list for PBXNativeTarget "CustomActionSheet" */;
			buildPhases = (
				B7CB1E451C1564CF00069ABD /* Sources */,
				B7CB1E461C1564CF00069ABD /* Frameworks */,
				B7CB1E471C1564CF00069ABD /* Resources */,
			);
			buildRules = (
			);
			dependencies = (
			);
			name = CustomActionSheet;
			productName = CustomActionSheet;
			productReference = B7CB1E491C1564CF00069ABD /* CustomActionSheet.app */;
			productType = "com.apple.product-type.application";
		};
/* End PBXNativeTarget section */

/* Begin PBXProject section */
		B7CB1E411C1564CF00069ABD /* Project object */ = {
			isa = PBXProject;
			attributes = {
				LastUpgradeCheck = 0710;
				ORGANIZATIONNAME = Smartech;
				TargetAttributes = {
					B7CB1E481C1564CF00069ABD = {
						CreatedOnToolsVersion = 7.1.1;
					};
				};
			};
			buildConfigurationList = B7CB1E441C1564CF00069ABD /* Build configuration list for PBXProject "CustomActionSheet" */;
			compatibilityVersion = "Xcode 3.2";
			developmentRegion = English;
			hasScannedForEncodings = 0;
			knownRegions = (
				en,
				Base,
			);
			mainGroup = B7CB1E401C1564CF00069ABD;
			productRefGroup = B7CB1E4A1C1564CF00069ABD /* Products */;
			projectDirPath = "";
			projectRoot = "";
			targets = (
				B7CB1E481C1564CF00069ABD /* CustomActionSheet */,
			);
		};
/* End PBXProject section */

/* Begin PBXResourcesBuildPhase section */
		B7CB1E471C1564CF00069ABD /* Resources */ = {
			isa = PBXResourcesBuildPhase;
			buildActionMask = 2147483647;
			files = (
				B7CB1E5C1C1564CF00069ABD /* LaunchScreen.storyboard in Resources */,
				B7CB1E6F1C15669E00069ABD /* actionsheet_bg@2x.png in Resources */,
				B7CB1E591C1564CF00069ABD /* Assets.xcassets in Resources */,
				B7CB1E571C1564CF00069ABD /* Main.storyboard in Resources */,
				B7CB1E761C156BD100069ABD /* CustomActionSheetButton.xib in Resources */,
				B7CB1E701C15669E00069ABD /* actionsheet_button@2x.png in Resources */,
			);
			runOnlyForDeploymentPostprocessing = 0;
		};
/* End PBXResourcesBuildPhase section */

/* Begin PBXSourcesBuildPhase section */
		B7CB1E451C1564CF00069ABD /* Sources */ = {
			isa = PBXSourcesBuildPhase;
			buildActionMask = 2147483647;
			files = (
				B7CB1E741C156BBC00069ABD /* CustomActionSheetButton.m in Sources */,
				B7CB1E711C15669E00069ABD /* CustomActionSheet.m in Sources */,
				B7CB1E541C1564CF00069ABD /* ViewController.m in Sources */,
				B7CB1E511C1564CF00069ABD /* AppDelegate.m in Sources */,
				B7CB1E4E1C1564CF00069ABD /* main.m in Sources */,
			);
			runOnlyForDeploymentPostprocessing = 0;
		};
/* End PBXSourcesBuildPhase section */

/* Begin PBXVariantGroup section */
		B7CB1E551C1564CF00069ABD /* Main.storyboard */ = {
			isa = PBXVariantGroup;
			children = (
				B7CB1E561C1564CF00069ABD /* Base */,
			);
			name = Main.storyboard;
			sourceTree = "<group>";
		};
		B7CB1E5A1C1564CF00069ABD /* LaunchScreen.storyboard */ = {
			isa = PBXVariantGroup;
			children = (
				B7CB1E5B1C1564CF00069ABD /* Base */,
			);
			name = LaunchScreen.storyboard;
			sourceTree = "<group>";
		};
/* End PBXVariantGroup section */

/* Begin XCBuildConfiguration section */
		B7CB1E5E1C1564CF00069ABD /* Debug */ = {
			isa = XCBuildConfiguration;
			buildSettings = {
				ALWAYS_SEARCH_USER_PATHS = NO;
				CLANG_CXX_LANGUAGE_STANDARD = "gnu++0x";
				CLANG_CXX_LIBRARY = "libc++";
				CLANG_ENABLE_MODULES = YES;
				CLANG_ENABLE_OBJC_ARC = YES;
				CLANG_WARN_BOOL_CONVERSION = YES;
				CLANG_WARN_CONSTANT_CONVERSION = YES;
				CLANG_WARN_DIRECT_OBJC_ISA_USAGE = YES_ERROR;
				CLANG_WARN_EMPTY_BODY = YES;
				CLANG_WARN_ENUM_CONVERSION = YES;
				CLANG_WARN_INT_CONVERSION = YES;
				CLANG_WARN_OBJC_ROOT_CLASS = YES_ERROR;
				CLANG_WARN_UNREACHABLE_CODE = YES;
				CLANG_WARN__DUPLICATE_METHOD_MATCH = YES;
				"CODE_SIGN_IDENTITY[sdk=iphoneos*]" = "iPhone Developer";
				COPY_PHASE_STRIP = NO;
				DEBUG_INFORMATION_FORMAT = dwarf;
				ENABLE_STRICT_OBJC_MSGSEND = YES;
				ENABLE_TESTABILITY = YES;
				GCC_C_LANGUAGE_STANDARD = gnu99;
				GCC_DYNAMIC_NO_PIC = NO;
				GCC_NO_COMMON_BLOCKS = YES;
				GCC_OPTIMIZATION_LEVEL = 0;
				GCC_PREPROCESSOR_DEFINITIONS = (
					"DEBUG=1",
					"$(inherited)",
				);
				GCC_WARN_64_TO_32_BIT_CONVERSION = YES;
				GCC_WARN_ABOUT_RETURN_TYPE = YES_ERROR;
				GCC_WARN_UNDECLARED_SELECTOR = YES;
				GCC_WARN_UNINITIALIZED_AUTOS = YES_AGGRESSIVE;
				GCC_WARN_UNUSED_FUNCTION = YES;
				GCC_WARN_UNUSED_VARIABLE = YES;
				IPHONEOS_DEPLOYMENT_TARGET = 9.1;
				MTL_ENABLE_DEBUG_INFO = YES;
				ONLY_ACTIVE_ARCH = YES;
				SDKROOT = iphoneos;
			};
			name = Debug;
		};
		B7CB1E5F1C1564CF00069ABD /* Release */ = {
			isa = XCBuildConfiguration;
			buildSettings = {
				ALWAYS_SEARCH_USER_PATHS = NO;
				CLANG_CXX_LANGUAGE_STANDARD = "gnu++0x";
				CLANG_CXX_LIBRARY = "libc++";
				CLANG_ENABLE_MODULES = YES;
				CLANG_ENABLE_OBJC_ARC = YES;
				CLANG_WARN_BOOL_CONVERSION = YES;
				CLANG_WARN_CONSTANT_CONVERSION = YES;
				CLANG_WARN_DIRECT_OBJC_ISA_USAGE = YES_ERROR;
				CLANG_WARN_EMPTY_BODY = YES;
				CLANG_WARN_ENUM_CONVERSION = YES;
				CLANG_WARN_INT_CONVERSION = YES;
				CLANG_WARN_OBJC_ROOT_CLASS = YES_ERROR;
				CLANG_WARN_UNREACHABLE_CODE = YES;
				CLANG_WARN__DUPLICATE_METHOD_MATCH = YES;
				"CODE_SIGN_IDENTITY[sdk=iphoneos*]" = "iPhone Developer";
				COPY_PHASE_STRIP = NO;
				DEBUG_INFORMATION_FORMAT = "dwarf-with-dsym";
				ENABLE_NS_ASSERTIONS = NO;
				ENABLE_STRICT_OBJC_MSGSEND = YES;
				GCC_C_LANGUAGE_STANDARD = gnu99;
				GCC_NO_COMMON_BLOCKS = YES;
				GCC_WARN_64_TO_32_BIT_CONVERSION = YES;
				GCC_WARN_ABOUT_RETURN_TYPE = YES_ERROR;
				GCC_WARN_UNDECLARED_SELECTOR = YES;
				GCC_WARN_UNINITIALIZED_AUTOS = YES_AGGRESSIVE;
				GCC_WARN_UNUSED_FUNCTION = YES;
				GCC_WARN_UNUSED_VARIABLE = YES;
				IPHONEOS_DEPLOYMENT_TARGET = 9.1;
				MTL_ENABLE_DEBUG_INFO = NO;
				SDKROOT = iphoneos;
				VALIDATE_PRODUCT = YES;
			};
			name = Release;
		};
		B7CB1E611C1564CF00069ABD /* Debug */ = {
			isa = XCBuildConfiguration;
			buildSettings = {
				ASSETCATALOG_COMPILER_APPICON_NAME = AppIcon;
				INFOPLIST_FILE = CustomActionSheet/Info.plist;
				IPHONEOS_DEPLOYMENT_TARGET = 8.0;
				LD_RUNPATH_SEARCH_PATHS = "$(inherited) @executable_path/Frameworks";
				PRODUCT_BUNDLE_IDENTIFIER = com.smartech.CustomActionSheet;
				PRODUCT_NAME = "$(TARGET_NAME)";
			};
			name = Debug;
		};
		B7CB1E621C1564CF00069ABD /* Release */ = {
			isa = XCBuildConfiguration;
			buildSettings = {
				ASSETCATALOG_COMPILER_APPICON_NAME = AppIcon;
				INFOPLIST_FILE = CustomActionSheet/Info.plist;
				IPHONEOS_DEPLOYMENT_TARGET = 8.0;
				LD_RUNPATH_SEARCH_PATHS = "$(inherited) @executable_path/Frameworks";
				PRODUCT_BUNDLE_IDENTIFIER = com.smartech.CustomActionSheet;
				PRODUCT_NAME = "$(TARGET_NAME)";
			};
			name = Release;
		};
/* End XCBuildConfiguration section */

/* Begin XCConfigurationList section */
		B7CB1E441C1564CF00069ABD /* Build configuration list for PBXProject "CustomActionSheet" */ = {
			isa = XCConfigurationList;
			buildConfigurations = (
				B7CB1E5E1C1564CF00069ABD /* Debug */,
				B7CB1E5F1C1564CF00069ABD /* Release */,
			);
			defaultConfigurationIsVisible = 0;
			defaultConfigurationName = Release;
		};
		B7CB1E601C1564CF00069ABD /* Build configuration list for PBXNativeTarget "CustomActionSheet" */ = {
			isa = XCConfigurationList;
			buildConfigurations = (
				B7CB1E611C1564CF00069ABD /* Debug */,
				B7CB1E621C1564CF00069ABD /* Release */,
			);
			defaultConfigurationIsVisible = 0;
			defaultConfigurationName = Release;
		};
/* End XCConfigurationList section */
	};
	rootObject = B7CB1E411C1564CF00069ABD /* Project object */;
}
